{
  "name": "your-awesome-node-js-app",
  "version": "0.0.1",
  "lockfileVersion": 1,
  "dependencies": {
    "accepts": {
      "version": "http://registry.npmjs.org/accepts/-/accepts-1.3.3.tgz",
      "integrity": "sha1-w8p0NJOGSMPg2cHjKN1otiLChMo="
    },
    "acorn": {
      "version": "http://registry.npmjs.org/acorn/-/acorn-3.3.0.tgz",
      "integrity": "sha1-ReN/s56No/JbruP/U2niu18iAXo="
    },
    "acorn-globals": {
      "version": "http://registry.npmjs.org/acorn-globals/-/acorn-globals-3.1.0.tgz",
      "integrity": "sha1-/YJw9x+7SZawBPqIDuXUZXOnMb8=",
      "dependencies": {
        "acorn": {
          "version": "http://registry.npmjs.org/acorn/-/acorn-4.0.13.tgz",
          "integrity": "sha1-EFSVrlNh1pe9GVyCUZLhrX8lN4c="
        }
      }
    },
    "after": {
      "version": "http://registry.npmjs.org/after/-/after-0.8.2.tgz",
      "integrity": "sha1-/ts5T58OAqqXaOcCvaI7UF+ufh8="
    },
    "align-text": {
      "version": "http://registry.npmjs.org/align-text/-/align-text-0.1.4.tgz",
      "integrity": "sha1-DNkKVhCT810KmSVsIrcGlDP60Rc="
    },
    "amdefine": {
      "version": "http://registry.npmjs.org/amdefine/-/amdefine-1.0.1.tgz",
      "integrity": "sha1-SlKCrBZHKek2Gbz9OtFR+BfOkfU="
    },
    "ansi-regex": {
      "version": "http://registry.npmjs.org/ansi-regex/-/ansi-regex-2.1.1.tgz",
      "integrity": "sha1-w7M6te42DYbg5ijwRorn7yfWVN8="
    },
    "ansi-styles": {
      "version": "http://registry.npmjs.org/ansi-styles/-/ansi-styles-2.2.1.tgz",
      "integrity": "sha1-tDLdM1i2NM914eRmQ2gkBTPB3b4="
    },
    "array-flatten": {
      "version": "http://registry.npmjs.org/array-flatten/-/array-flatten-1.1.1.tgz",
      "integrity": "sha1-ml9pkFGx5wczKPKgCJaLZOopVdI="
    },
    "arraybuffer.slice": {
      "version": "http://registry.npmjs.org/arraybuffer.slice/-/arraybuffer.slice-0.0.6.tgz",
      "integrity": "sha1-8zshWfBTKj8xB6JywMz70a0peco="
    },
    "asap": {
      "version": "http://registry.npmjs.org/asap/-/asap-2.0.5.tgz",
      "integrity": "sha1-UidltQw1EEkOUtfc/ghe+bqWlY8="
    },
    "async": {
      "version": "http://registry.npmjs.org/async/-/async-2.4.1.tgz",
      "integrity": "sha1-YqVrJ5yYoR0JhwlqAcw+6463u9c="
    },
    "backo2": {
      "version": "http://registry.npmjs.org/backo2/-/backo2-1.0.2.tgz",
      "integrity": "sha1-MasayLEpNjRj41s+u2n038+6eUc="
    },
    "base64-arraybuffer": {
      "version": "http://registry.npmjs.org/base64-arraybuffer/-/base64-arraybuffer-0.1.5.tgz",
      "integrity": "sha1-c5JncZI7Whl0etZmqlzUv5xunOg="
    },
    "base64id": {
      "version": "http://registry.npmjs.org/base64id/-/base64id-1.0.0.tgz",
      "integrity": "sha1-R2iMuZu2gE8OBtPnY7HDLlfY5rY="
    },
    "better-assert": {
      "version": "http://registry.npmjs.org/better-assert/-/better-assert-1.0.2.tgz",
      "integrity": "sha1-QIZrnhueC1W0gYlDEeaPr/rrxSI="
    },
    "blob": {
      "version": "http://registry.npmjs.org/blob/-/blob-0.0.4.tgz",
      "integrity": "sha1-vPEwUspURj8w+fx+lbmkdjCpSSE="
    },
    "bluebird": {
      "version": "http://registry.npmjs.org/bluebird/-/bluebird-3.5.0.tgz",
      "integrity": "sha1-eRQg1/VR7qKJdFOop3ZT+WYG1nw="
    },
    "body-parser": {
      "version": "http://registry.npmjs.org/body-parser/-/body-parser-1.12.0.tgz",
      "integrity": "sha1-l1D8PMEICzShPRjHmEDNVZl5/OU="
    },
    "bson": {
      "version": "http://registry.npmjs.org/bson/-/bson-1.0.4.tgz",
      "integrity": "sha1-k8ENOeqltYQVy8QFLz5T5WKwtyw="
    },
    "buffer-shims": {
      "version": "http://registry.npmjs.org/buffer-shims/-/buffer-shims-1.0.0.tgz",
      "integrity": "sha1-mXjOMXOIxkmth5MCjDR37wRKi1E="
    },
    "bytes": {
      "version": "http://registry.npmjs.org/bytes/-/bytes-1.0.0.tgz",
      "integrity": "sha1-NWnt6Lo0MV+rmcPpLLBMciDeH6g="
    },
    "callsite": {
      "version": "http://registry.npmjs.org/callsite/-/callsite-1.0.0.tgz",
      "integrity": "sha1-KAOY5dZkvXQDi28JBRU+borxvCA="
    },
    "camelcase": {
      "version": "http://registry.npmjs.org/camelcase/-/camelcase-1.2.1.tgz",
      "integrity": "sha1-m7UwTS4LVmmLLHWLCKPqqdqlijk="
    },
    "center-align": {
      "version": "http://registry.npmjs.org/center-align/-/center-align-0.1.3.tgz",
      "integrity": "sha1-qg0yYptu6XIgBBHL1EYckHvCt60="
    },
    "chalk": {
      "version": "http://registry.npmjs.org/chalk/-/chalk-1.1.3.tgz",
      "integrity": "sha1-qBFcVeSnAv5NFQq9OHKCKn4J/Jg="
    },
    "character-parser": {
      "version": "http://registry.npmjs.org/character-parser/-/character-parser-2.2.0.tgz",
      "integrity": "sha1-x84o821LzZdE5f/CxfzeHHMmH8A="
    },
    "clean-css": {
      "version": "http://registry.npmjs.org/clean-css/-/clean-css-3.4.26.tgz",
      "integrity": "sha1-VTI7NE/zvO5oSi6sgck9+Ppz3us="
    },
    "cliui": {
      "version": "http://registry.npmjs.org/cliui/-/cliui-2.1.0.tgz",
      "integrity": "sha1-S0dXYP+AJkx2LDoXGQMukcf+oNE="
    },
    "commander": {
      "version": "http://registry.npmjs.org/commander/-/commander-2.8.1.tgz",
      "integrity": "sha1-Br42f+v9oMMwqh4qBy09yXYkJdQ="
    },
    "component-bind": {
      "version": "http://registry.npmjs.org/component-bind/-/component-bind-1.0.0.tgz",
      "integrity": "sha1-AMYIq33Nk4l8AAllGx06jh5zu9E="
    },
    "component-emitter": {
      "version": "http://registry.npmjs.org/component-emitter/-/component-emitter-1.1.2.tgz",
      "integrity": "sha1-KWWU8nU9qmOZbSrwjRWpURbJrsM="
    },
    "component-inherit": {
      "version": "http://registry.npmjs.org/component-inherit/-/component-inherit-0.0.3.tgz",
      "integrity": "sha1-ZF/ErfWLcrZJ1crmUTVhnbJv8UM="
    },
    "connect": {
      "version": "http://registry.npmjs.org/connect/-/connect-1.9.2.tgz",
      "integrity": "sha1-QogKIulDiuWait105Df1iujlKAc="
    },
    "constantinople": {
      "version": "http://registry.npmjs.org/constantinople/-/constantinople-3.1.0.tgz",
      "integrity": "sha1-dWnKqKo/jVk11i4fqW+fcCzYHHk="
    },
    "content-disposition": {
      "version": "http://registry.npmjs.org/content-disposition/-/content-disposition-0.5.2.tgz",
      "integrity": "sha1-DPaLud318r55YcOoUXjLhdunjLQ="
    },
    "content-type": {
      "version": "http://registry.npmjs.org/content-type/-/content-type-1.0.2.tgz",
      "integrity": "sha1-t9ETrueo3Se9IRM8TcJSnfFyHu0="
    },
    "cookie": {
      "version": "http://registry.npmjs.org/cookie/-/cookie-0.3.1.tgz",
      "integrity": "sha1-5+Ch+e9DtMi6klxcWpboBtFoc7s="
    },
    "cookie-signature": {
      "version": "http://registry.npmjs.org/cookie-signature/-/cookie-signature-1.0.6.tgz",
      "integrity": "sha1-4wOogrNCzD7oylE6eZmXNNqzriw="
    },
    "core-util-is": {
      "version": "http://registry.npmjs.org/core-util-is/-/core-util-is-1.0.2.tgz",
      "integrity": "sha1-tf1UIgqivFq1eqtxQMlAdUUDwac="
    },
    "crc": {
      "version": "http://registry.npmjs.org/crc/-/crc-3.4.4.tgz",
      "integrity": "sha1-naHpgOO9RPxck79as9ozeNheRms="
    },
    "debug": {
      "version": "http://registry.npmjs.org/debug/-/debug-2.1.3.tgz",
      "integrity": "sha1-zoqxte6PvuK/o7Yzyrk9NmtjQY4="
    },
    "decamelize": {
      "version": "http://registry.npmjs.org/decamelize/-/decamelize-1.2.0.tgz",
      "integrity": "sha1-9lNNFRSCabIDUue+4m9QH5oZEpA="
    },
    "depd": {
      "version": "http://registry.npmjs.org/depd/-/depd-1.0.1.tgz",
      "integrity": "sha1-gK7GTJ1tl+ZcwqnKqTwKpqv3Oqo="
    },
    "destroy": {
      "version": "http://registry.npmjs.org/destroy/-/destroy-1.0.4.tgz",
      "integrity": "sha1-l4hXRCxEdJ5CBmE+N5RiBYJqvYA="
    },
    "doctypes": {
      "version": "http://registry.npmjs.org/doctypes/-/doctypes-1.1.0.tgz",
      "integrity": "sha1-6oCxBqh1OHdOijpKWv4pPeSJ4Kk="
    },
    "double-ended-queue": {
      "version": "http://registry.npmjs.org/double-ended-queue/-/double-ended-queue-2.1.0-0.tgz",
      "integrity": "sha1-ED01J/0xUo9AGIEwyEHv3XgmTlw="
    },
    "ee-first": {
      "version": "http://registry.npmjs.org/ee-first/-/ee-first-1.1.0.tgz",
      "integrity": "sha1-ag18YiHkkP7v2S7D9EHJzozQl/Q="
    },
    "encodeurl": {
      "version": "http://registry.npmjs.org/encodeurl/-/encodeurl-1.0.1.tgz",
      "integrity": "sha1-eePVhlU0aQn+bw9Fpd5oEDspTSA="
    },
    "engine.io": {
      "version": "http://registry.npmjs.org/engine.io/-/engine.io-1.8.4.tgz",
      "integrity": "sha1-d7zhK4Dl1gQpM3/sOw2vaR68kAM=",
      "dependencies": {
        "debug": {
          "version": "http://registry.npmjs.org/debug/-/debug-2.3.3.tgz",
          "integrity": "sha1-QMRT5n5uE8kB3ewxeviYbNqe/4w="
        },
        "ms": {
          "version": "http://registry.npmjs.org/ms/-/ms-0.7.2.tgz",
          "integrity": "sha1-riXPJRKziFodldfwN4aNhDESR2U="
        }
      }
    },
    "engine.io-client": {
      "version": "http://registry.npmjs.org/engine.io-client/-/engine.io-client-1.8.4.tgz",
      "integrity": "sha1-n+hd7iWFPKa6viW9KtaHEIY+kcI=",
      "dependencies": {
        "component-emitter": {
          "version": "http://registry.npmjs.org/component-emitter/-/component-emitter-1.2.1.tgz",
          "integrity": "sha1-E3kY1teCg/ffemt8WmPhQOaUJeY="
        },
        "debug": {
          "version": "http://registry.npmjs.org/debug/-/debug-2.3.3.tgz",
          "integrity": "sha1-QMRT5n5uE8kB3ewxeviYbNqe/4w="
        },
        "ms": {
          "version": "http://registry.npmjs.org/ms/-/ms-0.7.2.tgz",
          "integrity": "sha1-riXPJRKziFodldfwN4aNhDESR2U="
        },
        "ws": {
          "version": "http://registry.npmjs.org/ws/-/ws-1.1.2.tgz",
          "integrity": "sha1-iiRPoFJAHgjJiGz0SoUYnh/UBn8="
        }
      }
    },
    "engine.io-parser": {
      "version": "http://registry.npmjs.org/engine.io-parser/-/engine.io-parser-1.3.2.tgz",
      "integrity": "sha1-k3sHnwAH0Ik+xW1GyyILjLQ1Igo="
    },
    "es6-promise": {
      "version": "http://registry.npmjs.org/es6-promise/-/es6-promise-3.2.1.tgz",
      "integrity": "sha1-7FYjOGgDKQkgcXDDlEjiREndH8Q="
    },
    "escape-html": {
      "version": "http://registry.npmjs.org/escape-html/-/escape-html-1.0.3.tgz",
      "integrity": "sha1-Aljq5NPQwJdN4cFpGI7wBR0dGYg="
    },
    "escape-string-regexp": {
      "version": "http://registry.npmjs.org/escape-string-regexp/-/escape-string-regexp-1.0.5.tgz",
      "integrity": "sha1-G2HAViGQqN/2rjuyzwIAyhMLhtQ="
    },
    "etag": {
      "version": "http://registry.npmjs.org/etag/-/etag-1.8.0.tgz",
      "integrity": "sha1-b2Ma7zNtbEY2K1F2QETOIWvjwFE="
    },
    "exists-sync": {
      "version": "http://registry.npmjs.org/exists-sync/-/exists-sync-0.0.4.tgz",
      "integrity": "sha1-l0TCxCjMA7AQYNtFTUsS8O88iHk="
    },
    "express": {
      "version": "http://registry.npmjs.org/express/-/express-4.15.3.tgz",
      "integrity": "sha1-urZdDwOqgMNYQIly/HAPkWlEtmI=",
      "dependencies": {
        "debug": {
          "version": "http://registry.npmjs.org/debug/-/debug-2.6.7.tgz",
          "integrity": "sha1-krrR9tBbu2u6Isyoi80OyJTChh4="
        },
        "depd": {
          "version": "http://registry.npmjs.org/depd/-/depd-1.1.0.tgz",
          "integrity": "sha1-4b2Cxqq2ztlluXuIsX7T5SjKGMM="
        },
        "ee-first": {
          "version": "http://registry.npmjs.org/ee-first/-/ee-first-1.1.1.tgz",
          "integrity": "sha1-WQxhFWsK4vTwJVcyoViyZrxWsh0="
        },
        "ms": {
          "version": "http://registry.npmjs.org/ms/-/ms-2.0.0.tgz",
          "integrity": "sha1-VgiurfwAvmwpAd9fmGF4jeDVl8g="
        },
        "on-finished": {
          "version": "http://registry.npmjs.org/on-finished/-/on-finished-2.3.0.tgz",
          "integrity": "sha1-IPEzZIGwg811M3mSoWlxqi2QaUc="
        },
        "qs": {
          "version": "http://registry.npmjs.org/qs/-/qs-6.4.0.tgz",
          "integrity": "sha1-E+JtKK1rD/qpExLNO/cI7TUecjM="
        }
      }
    },
    "express-session": {
      "version": "http://registry.npmjs.org/express-session/-/express-session-1.15.2.tgz",
      "integrity": "sha1-2YUWRDpMy4aI4XJa5YTALapAk9Q=",
      "dependencies": {
        "debug": {
          "version": "http://registry.npmjs.org/debug/-/debug-2.6.3.tgz",
          "integrity": "sha1-D364wwll7AjHKsz6ATDIt5mEFB0="
        },
        "depd": {
          "version": "http://registry.npmjs.org/depd/-/depd-1.1.0.tgz",
          "integrity": "sha1-4b2Cxqq2ztlluXuIsX7T5SjKGMM="
        },
        "ms": {
          "version": "http://registry.npmjs.org/ms/-/ms-0.7.2.tgz",
          "integrity": "sha1-riXPJRKziFodldfwN4aNhDESR2U="
        }
      }
    },
    "express-sessions": {
      "version": "http://registry.npmjs.org/express-sessions/-/express-sessions-1.0.6.tgz",
      "integrity": "sha1-FYFidXg3oge498ldYu3K2G2Q8ag=",
      "dependencies": {
        "express": {
          "version": "http://registry.npmjs.org/express/-/express-2.5.11.tgz",
          "integrity": "sha1-TOjqHzY15p5J8Ou0l7aksKUc5vA="
        },
        "mime": {
          "version": "http://registry.npmjs.org/mime/-/mime-1.2.4.tgz",
          "integrity": "sha1-EbX9rynCUJJVF2uArVIClPXekrc="
        },
        "qs": {
          "version": "http://registry.npmjs.org/qs/-/qs-0.4.2.tgz",
          "integrity": "sha1-PKxMhh43GoycR3CsI82o3mObjl8="
        },
        "redis": {
          "version": "http://registry.npmjs.org/redis/-/redis-0.12.1.tgz",
          "integrity": "sha1-ZN92rQ/IrOuuvSoGReikj6xJGF4="
        }
      }
    },
    "finalhandler": {
      "version": "http://registry.npmjs.org/finalhandler/-/finalhandler-1.0.3.tgz",
      "integrity": "sha1-70fneVDpmXgOhgIqVg4yF+DQzIk=",
      "dependencies": {
        "debug": {
          "version": "http://registry.npmjs.org/debug/-/debug-2.6.7.tgz",
          "integrity": "sha1-krrR9tBbu2u6Isyoi80OyJTChh4="
        },
        "ee-first": {
          "version": "http://registry.npmjs.org/ee-first/-/ee-first-1.1.1.tgz",
          "integrity": "sha1-WQxhFWsK4vTwJVcyoViyZrxWsh0="
        },
        "ms": {
          "version": "http://registry.npmjs.org/ms/-/ms-2.0.0.tgz",
          "integrity": "sha1-VgiurfwAvmwpAd9fmGF4jeDVl8g="
        },
        "on-finished": {
          "version": "http://registry.npmjs.org/on-finished/-/on-finished-2.3.0.tgz",
          "integrity": "sha1-IPEzZIGwg811M3mSoWlxqi2QaUc="
        }
      }
    },
    "formidable": {
      "version": "http://registry.npmjs.org/formidable/-/formidable-1.0.17.tgz",
      "integrity": "sha1-71SRSQ+UM7cF+qdyScmQKa40hVk="
    },
    "forwarded": {
      "version": "http://registry.npmjs.org/forwarded/-/forwarded-0.1.0.tgz",
      "integrity": "sha1-Ge+YdMSuHCl7zweP3mOgm2aoQ2M="
    },
    "fresh": {
      "version": "http://registry.npmjs.org/fresh/-/fresh-0.5.0.tgz",
      "integrity": "sha1-9HTKXmqSRtb9jglTz6m5yAWvp44="
    },
    "function-bind": {
      "version": "http://registry.npmjs.org/function-bind/-/function-bind-1.1.0.tgz",
      "integrity": "sha1-FhdnFMgBeY5Ojyz391KUZ7tKV3E="
    },
    "glad": {
      "version": "git+https://github.com/gladjs/glad.git#fbe80ebdbccd2f72f5560ff7a29da43e5f86314c",
      "integrity": "sha1-LwjhE7zZwr6zbIzVsIzBc1GceMc="
    },
    "graceful-readlink": {
      "version": "http://registry.npmjs.org/graceful-readlink/-/graceful-readlink-1.0.1.tgz",
      "integrity": "sha1-TK+tdrxi8C+gObL5Tpo906ORpyU="
    },
    "has": {
      "version": "http://registry.npmjs.org/has/-/has-1.0.1.tgz",
      "integrity": "sha1-hGFzP1OLCDfJNh45qauelwTcLyg="
    },
    "has-ansi": {
      "version": "http://registry.npmjs.org/has-ansi/-/has-ansi-2.0.0.tgz",
      "integrity": "sha1-NPUEnOHs3ysGSa8+8k5F7TVBbZE="
    },
    "has-binary": {
      "version": "http://registry.npmjs.org/has-binary/-/has-binary-0.1.7.tgz",
      "integrity": "sha1-aOYesWIQyVRaClzOBqhzkS/h5ow=",
      "dependencies": {
        "isarray": {
          "version": "http://registry.npmjs.org/isarray/-/isarray-0.0.1.tgz",
          "integrity": "sha1-ihis/Kmo9Bd+Cav8YDiTmwXR7t8="
        }
      }
    },
    "has-cors": {
      "version": "http://registry.npmjs.org/has-cors/-/has-cors-1.1.0.tgz",
      "integrity": "sha1-XkdHk/fqmEPRu5nCPu9J/xJv/zk="
    },
    "hooks-fixed": {
      "version": "http://registry.npmjs.org/hooks-fixed/-/hooks-fixed-2.0.0.tgz",
      "integrity": "sha1-oB2JTVKsf2WZu7H2PfycQR33DLo="
    },
    "http-errors": {
      "version": "http://registry.npmjs.org/http-errors/-/http-errors-1.6.1.tgz",
      "integrity": "sha1-X4uO2YrKVFZWv1cplzh/kEpyIlc=",
      "dependencies": {
        "depd": {
          "version": "http://registry.npmjs.org/depd/-/depd-1.1.0.tgz",
          "integrity": "sha1-4b2Cxqq2ztlluXuIsX7T5SjKGMM="
        }
      }
    },
    "iconv-lite": {
      "version": "http://registry.npmjs.org/iconv-lite/-/iconv-lite-0.4.7.tgz",
      "integrity": "sha1-idMv7IIb+Fl/RGCbS8Cb7VwgmiM="
    },
    "indexof": {
      "version": "http://registry.npmjs.org/indexof/-/indexof-0.0.1.tgz",
      "integrity": "sha1-gtwzbSMrkGIXnQWrMpOmYFn9Q10="
    },
    "inherits": {
      "version": "http://registry.npmjs.org/inherits/-/inherits-2.0.3.tgz",
      "integrity": "sha1-Yzwsg+PaQqUC9SRmAiSA9CCCYd4="
    },
    "ipaddr.js": {
      "version": "http://registry.npmjs.org/ipaddr.js/-/ipaddr.js-1.3.0.tgz",
      "integrity": "sha1-HgOlL9rYOou7KyXL9JmLTP/NPew="
    },
    "is-buffer": {
      "version": "http://registry.npmjs.org/is-buffer/-/is-buffer-1.1.5.tgz",
      "integrity": "sha1-Hzsm72E7IUuIy8ojzGwB2Hlh7sw="
    },
    "is-expression": {
      "version": "http://registry.npmjs.org/is-expression/-/is-expression-2.1.0.tgz",
      "integrity": "sha1-kb6dR968/vB3l36XIr5tz7RGXvA="
    },
    "is-promise": {
      "version": "http://registry.npmjs.org/is-promise/-/is-promise-2.1.0.tgz",
      "integrity": "sha1-eaKp7OfwlugPNtKy87wWwf9L8/o="
    },
    "is-regex": {
      "version": "http://registry.npmjs.org/is-regex/-/is-regex-1.0.4.tgz",
      "integrity": "sha1-VRdIm1RwkbCTDglWVM7SXul+lJE="
    },
    "isarray": {
      "version": "http://registry.npmjs.org/isarray/-/isarray-1.0.0.tgz",
      "integrity": "sha1-u5NdSFgsuhaMBoNJV6VKPgcSTxE="
    },
    "js-stringify": {
      "version": "http://registry.npmjs.org/js-stringify/-/js-stringify-1.0.2.tgz",
      "integrity": "sha1-Fzb939lyTyijaCrcYjCufk6Weds="
    },
    "json3": {
      "version": "http://registry.npmjs.org/json3/-/json3-3.3.2.tgz",
      "integrity": "sha1-PAQ0dD35Pi9cQq7nsZvLSDV19OE="
    },
    "jstransformer": {
      "version": "http://registry.npmjs.org/jstransformer/-/jstransformer-1.0.0.tgz",
      "integrity": "sha1-7Yvwkh4vPx7U1cGkT2hwntJHIsM="
    },
    "kareem": {
      "version": "http://registry.npmjs.org/kareem/-/kareem-1.4.1.tgz",
      "integrity": "sha1-7XYgAET6BB7zK02oJh4lU/EXNTE="
    },
    "kind-of": {
      "version": "http://registry.npmjs.org/kind-of/-/kind-of-3.2.2.tgz",
      "integrity": "sha1-MeohpzS6ubuw8yRm2JOupR5KPGQ="
    },
    "lazy-cache": {
      "version": "http://registry.npmjs.org/lazy-cache/-/lazy-cache-1.0.4.tgz",
      "integrity": "sha1-odePw6UEdMuAhF07O24dpJpEbo4="
    },
    "lodash": {
      "version": "http://registry.npmjs.org/lodash/-/lodash-4.17.4.tgz",
      "integrity": "sha1-eCA6TRwyiuHYbcpkYONptX9AVa4="
    },
    "longest": {
      "version": "http://registry.npmjs.org/longest/-/longest-1.0.1.tgz",
      "integrity": "sha1-MKCy2jj3N3DoKUoNIuZiXtd9AJc="
    },
    "media-typer": {
      "version": "http://registry.npmjs.org/media-typer/-/media-typer-0.3.0.tgz",
      "integrity": "sha1-hxDXrwqmJvj/+hzgAWhUUmMlV0g="
    },
    "merge-descriptors": {
      "version": "http://registry.npmjs.org/merge-descriptors/-/merge-descriptors-1.0.1.tgz",
      "integrity": "sha1-sAqqVW3YtEVoFQ7J0blT8/kMu2E="
    },
    "method-override": {
      "version": "http://registry.npmjs.org/method-override/-/method-override-2.3.9.tgz",
      "integrity": "sha1-vRUfLONM8Bp2ykAKuVwBKxAtj3E=",
      "dependencies": {
        "debug": {
          "version": "http://registry.npmjs.org/debug/-/debug-2.6.8.tgz",
          "integrity": "sha1-5zFTHKLt4n0YgiJCfaF4IdaP9Pw="
        },
        "ms": {
          "version": "http://registry.npmjs.org/ms/-/ms-2.0.0.tgz",
          "integrity": "sha1-VgiurfwAvmwpAd9fmGF4jeDVl8g="
        }
      }
    },
    "methods": {
      "version": "http://registry.npmjs.org/methods/-/methods-1.1.2.tgz",
      "integrity": "sha1-VSmk1nZUE07cxSZmVoNbD4Ua/O4="
    },
    "mime": {
      "version": "http://registry.npmjs.org/mime/-/mime-1.3.4.tgz",
      "integrity": "sha1-EV+eO2s9rylZmDyzjxSaLUDrXVM="
    },
    "mime-db": {
      "version": "http://registry.npmjs.org/mime-db/-/mime-db-1.27.0.tgz",
      "integrity": "sha1-gg9XIpa70g7CXtVeW13oaeVDbrE="
    },
    "mime-types": {
      "version": "http://registry.npmjs.org/mime-types/-/mime-types-2.1.15.tgz",
      "integrity": "sha1-pOv1BkCUVpI3uM9wBGd20J/JKu0="
    },
    "mkdirp": {
      "version": "http://registry.npmjs.org/mkdirp/-/mkdirp-0.3.0.tgz",
      "integrity": "sha1-G79asbqCevI1dRQ0kEJkVfSB/h4="
    },
    "mongo-sanitize": {
      "version": "http://registry.npmjs.org/mongo-sanitize/-/mongo-sanitize-1.0.0.tgz",
      "integrity": "sha1-FeMRMEivvz50RkxOgVaCG4/6wdw="
    },
    "mongodb": {
      "version": "http://registry.npmjs.org/mongodb/-/mongodb-2.2.27.tgz",
      "integrity": "sha1-NBIgNNtm2YO89qta2yaiSnD+9uY="
    },
    "mongodb-core": {
      "version": "http://registry.npmjs.org/mongodb-core/-/mongodb-core-2.1.11.tgz",
      "integrity": "sha1-HDh3bOsXSZepnCiGDu2QKNqbPho="
    },
    "mongoose": {
      "version": "http://registry.npmjs.org/mongoose/-/mongoose-4.10.4.tgz",
      "integrity": "sha1-uaCgM3JeXCnv2e77RofRNxlWx7Y=",
      "dependencies": {
        "async": {
          "version": "http://registry.npmjs.org/async/-/async-2.1.4.tgz",
          "integrity": "sha1-LSFgx3iAMuTdbL4lAvH5osj2zeQ="
        },
        "ms": {
          "version": "http://registry.npmjs.org/ms/-/ms-2.0.0.tgz",
          "integrity": "sha1-VgiurfwAvmwpAd9fmGF4jeDVl8g="
        }
      }
    },
    "mpath": {
      "version": "http://registry.npmjs.org/mpath/-/mpath-0.2.1.tgz",
      "integrity": "sha1-Ok6Ck1mAHeljCcJ6ay4QLon56W4="
    },
    "mpromise": {
      "version": "http://registry.npmjs.org/mpromise/-/mpromise-0.5.5.tgz",
      "integrity": "sha1-9bJCWddjrMIlewoMjG2Gb9UXMuY="
    },
    "mquery": {
      "version": "http://registry.npmjs.org/mquery/-/mquery-2.3.1.tgz",
      "integrity": "sha1-mrNnSXFIAP8LtTpoHOS8TV8HyHs=",
      "dependencies": {
        "bluebird": {
          "version": "http://registry.npmjs.org/bluebird/-/bluebird-2.10.2.tgz",
          "integrity": "sha1-AkpVFylTCIV/FPkfEQb8O1VfRGs="
        },
        "debug": {
          "version": "http://registry.npmjs.org/debug/-/debug-2.6.8.tgz",
          "integrity": "sha1-5zFTHKLt4n0YgiJCfaF4IdaP9Pw="
        },
        "ms": {
          "version": "http://registry.npmjs.org/ms/-/ms-2.0.0.tgz",
          "integrity": "sha1-VgiurfwAvmwpAd9fmGF4jeDVl8g="
        },
        "sliced": {
          "version": "http://registry.npmjs.org/sliced/-/sliced-0.0.5.tgz",
          "integrity": "sha1-XtwETKTrb3gW1Qui/GPiXY/kcH8="
        }
      }
    },
    "ms": {
      "version": "http://registry.npmjs.org/ms/-/ms-0.7.0.tgz",
      "integrity": "sha1-hlvpTC5zl62KV9pqYzpuLzB5i4M="
    },
    "muri": {
      "version": "http://registry.npmjs.org/muri/-/muri-1.2.1.tgz",
      "integrity": "sha1-7H6lzmympSPrGrNbrNpfqBbJqjw="
    },
    "negotiator": {
      "version": "http://registry.npmjs.org/negotiator/-/negotiator-0.6.1.tgz",
      "integrity": "sha1-KzJxhOiZIQEXeyhWP7XnECrNDKk="
    },
    "object-assign": {
      "version": "http://registry.npmjs.org/object-assign/-/object-assign-4.1.0.tgz",
      "integrity": "sha1-ejs9DpgGPUP0wD8uiubNUahog6A="
    },
    "object-component": {
      "version": "http://registry.npmjs.org/object-component/-/object-component-0.0.3.tgz",
      "integrity": "sha1-8MaapQ78lbhmwYb0AKM3acsvEpE="
    },
    "on-finished": {
      "version": "http://registry.npmjs.org/on-finished/-/on-finished-2.2.1.tgz",
      "integrity": "sha1-XIXBzDYpn3gCllP2Z/J7a5nrwCk="
    },
    "on-headers": {
      "version": "http://registry.npmjs.org/on-headers/-/on-headers-1.0.1.tgz",
      "integrity": "sha1-ko9dD0cNSTQmUepnlLCFfBAGk/c="
    },
    "options": {
      "version": "http://registry.npmjs.org/options/-/options-0.0.6.tgz",
      "integrity": "sha1-7CLTEoBrtT5zF3Pnza788cZDEo8="
    },
    "parsejson": {
      "version": "http://registry.npmjs.org/parsejson/-/parsejson-0.0.3.tgz",
      "integrity": "sha1-q343WfIJ7OmUN5c/fQ8fZK4OZKs="
    },
    "parseqs": {
      "version": "http://registry.npmjs.org/parseqs/-/parseqs-0.0.5.tgz",
      "integrity": "sha1-1SCKNzjkZ2bikbouoXNoSSGouJ0="
    },
    "parseuri": {
      "version": "http://registry.npmjs.org/parseuri/-/parseuri-0.0.5.tgz",
      "integrity": "sha1-gCBKUNTbt3m/3G6+J3jZDkvOMgo="
    },
    "parseurl": {
      "version": "http://registry.npmjs.org/parseurl/-/parseurl-1.3.1.tgz",
      "integrity": "sha1-yKuMkiO6NIiKpkopeyiFO+wY2lY="
    },
    "path-parse": {
      "version": "http://registry.npmjs.org/path-parse/-/path-parse-1.0.5.tgz",
      "integrity": "sha1-PBrfhx6pzWyUMbbqK9dKD/BVxME="
    },
    "path-to-regexp": {
      "version": "http://registry.npmjs.org/path-to-regexp/-/path-to-regexp-0.1.7.tgz",
      "integrity": "sha1-32BBeABfUi8V60SQ5yR6G/qmf4w="
    },
    "process-nextick-args": {
      "version": "http://registry.npmjs.org/process-nextick-args/-/process-nextick-args-1.0.7.tgz",
      "integrity": "sha1-FQ4gt1ZZCtP5EJPyWk8q2L/zC6M="
    },
    "promise": {
      "version": "http://registry.npmjs.org/promise/-/promise-7.1.1.tgz",
      "integrity": "sha1-SJZUxpJha4qlWwck+oCbt9tJxb8="
    },
    "proxy-addr": {
      "version": "http://registry.npmjs.org/proxy-addr/-/proxy-addr-1.1.4.tgz",
      "integrity": "sha1-J+VF9pYKRKYn2bREZ+NcG2tM4vM="
    },
    "pug": {
      "version": "http://registry.npmjs.org/pug/-/pug-2.0.0-rc.1.tgz",
      "integrity": "sha1-cjwIszSbubloZbntfT43niR82YQ="
    },
    "pug-attrs": {
      "version": "http://registry.npmjs.org/pug-attrs/-/pug-attrs-2.0.2.tgz",
      "integrity": "sha1-i+KyIlVo/6ddG4Zpgr/59BEa/8s="
    },
    "pug-code-gen": {
      "version": "http://registry.npmjs.org/pug-code-gen/-/pug-code-gen-1.1.1.tgz",
      "integrity": "sha1-HPcnRO8qA56uajNAyqoRBYcSWOg="
    },
    "pug-error": {
      "version": "http://registry.npmjs.org/pug-error/-/pug-error-1.3.2.tgz",
      "integrity": "sha1-U659nSm7A89WRJOgJhCfVMR/XyY="
    },
    "pug-filters": {
      "version": "http://registry.npmjs.org/pug-filters/-/pug-filters-2.1.2.tgz",
      "integrity": "sha1-NZC0Gts0dJ9x0/HxqfdFAREZEXs="
    },
    "pug-lexer": {
      "version": "http://registry.npmjs.org/pug-lexer/-/pug-lexer-3.1.0.tgz",
      "integrity": "sha1-/QhzdtSmdbT1n4/vQiiDQ06VgaI=",
      "dependencies": {
        "acorn": {
          "version": "http://registry.npmjs.org/acorn/-/acorn-4.0.13.tgz",
          "integrity": "sha1-EFSVrlNh1pe9GVyCUZLhrX8lN4c="
        },
        "is-expression": {
          "version": "http://registry.npmjs.org/is-expression/-/is-expression-3.0.0.tgz",
          "integrity": "sha1-Oayqa+f9HzRx3ELHQW5hwkMXrJ8="
        }
      }
    },
    "pug-linker": {
      "version": "http://registry.npmjs.org/pug-linker/-/pug-linker-3.0.0.tgz",
      "integrity": "sha1-JBbwaqoalyDjsyYdHoynL29RI9I="
    },
    "pug-load": {
      "version": "http://registry.npmjs.org/pug-load/-/pug-load-2.0.6.tgz",
      "integrity": "sha1-htpLMcT3b9mkcZgrmz0A5sij+UU="
    },
    "pug-parser": {
      "version": "http://registry.npmjs.org/pug-parser/-/pug-parser-2.0.2.tgz",
      "integrity": "sha1-U6aAz9BQOdywwn0CkJS8SnkmibA="
    },
    "pug-runtime": {
      "version": "http://registry.npmjs.org/pug-runtime/-/pug-runtime-2.0.3.tgz",
      "integrity": "sha1-mBYmB7D86eJU1CfzOYelrucWi9o="
    },
    "pug-strip-comments": {
      "version": "http://registry.npmjs.org/pug-strip-comments/-/pug-strip-comments-1.0.2.tgz",
      "integrity": "sha1-0xOvoBvMN0mA4TmeI+vy65vchRM="
    },
    "pug-walk": {
      "version": "http://registry.npmjs.org/pug-walk/-/pug-walk-1.1.2.tgz",
      "integrity": "sha1-3rskwHCpXV/Crr81iSYYM9IzLjs="
    },
    "qs": {
      "version": "http://registry.npmjs.org/qs/-/qs-2.3.3.tgz",
      "integrity": "sha1-6eha2+ddoLvkyOBHaghikPhjtAQ="
    },
    "random-bytes": {
      "version": "http://registry.npmjs.org/random-bytes/-/random-bytes-1.0.0.tgz",
      "integrity": "sha1-T2ih3Arli9P7lYSMMDJNt11kNgs="
    },
    "range-parser": {
      "version": "http://registry.npmjs.org/range-parser/-/range-parser-1.2.0.tgz",
      "integrity": "sha1-9JvmtIeJTdxA3MlKMi9hEJLgDV4="
    },
    "raw-body": {
      "version": "http://registry.npmjs.org/raw-body/-/raw-body-1.3.3.tgz",
      "integrity": "sha1-iEGvP2StUKNR3HfyKRGLQMKPpYw="
    },
    "readable-stream": {
      "version": "http://registry.npmjs.org/readable-stream/-/readable-stream-2.2.7.tgz",
      "integrity": "sha1-BwV6y+JGeyIELTb5jFrVBwVOlbE="
    },
    "redis": {
      "version": "http://registry.npmjs.org/redis/-/redis-2.6.3.tgz",
      "integrity": "sha1-hDBbklU8ah8Jx8R8MLEazn27etQ="
    },
    "redis-commands": {
      "version": "http://registry.npmjs.org/redis-commands/-/redis-commands-1.3.1.tgz",
      "integrity": "sha1-gdgm9F+pyLIBH0zXoP5ZfSQdRCs="
    },
    "redis-lru": {
      "version": "http://registry.npmjs.org/redis-lru/-/redis-lru-0.4.1.tgz",
      "integrity": "sha1-JwoU0FFnRXz44eRNqbFB8g+S41A="
    },
    "redis-parser": {
      "version": "http://registry.npmjs.org/redis-parser/-/redis-parser-2.6.0.tgz",
      "integrity": "sha1-Uu0J2srBCPGmMcB+m2mUHnoZUEs="
    },
    "regexp-clone": {
      "version": "http://registry.npmjs.org/regexp-clone/-/regexp-clone-0.0.1.tgz",
      "integrity": "sha1-p8LgmJH9vzj7sQ03b7cwA+aKxYk="
    },
    "repeat-string": {
      "version": "http://registry.npmjs.org/repeat-string/-/repeat-string-1.6.1.tgz",
      "integrity": "sha1-jcrkcOHIirwtYA//Sndihtp15jc="
    },
    "require_optional": {
      "version": "http://registry.npmjs.org/require_optional/-/require_optional-1.0.0.tgz",
      "integrity": "sha1-UqhhN6hJco62ClVTNhf4+RT1mr8="
    },
    "resolve": {
      "version": "http://registry.npmjs.org/resolve/-/resolve-1.3.3.tgz",
      "integrity": "sha1-ZVkHw0aahoDcLeOidaj91paR8OU="
    },
    "resolve-from": {
      "version": "http://registry.npmjs.org/resolve-from/-/resolve-from-2.0.0.tgz",
      "integrity": "sha1-lICrIOlP+h2egKgEx+oUdhGWa1c="
    },
    "right-align": {
      "version": "http://registry.npmjs.org/right-align/-/right-align-0.1.3.tgz",
      "integrity": "sha1-YTObci/mo1FWiSENJOFMlhSGE+8="
    },
    "safe-buffer": {
      "version": "http://registry.npmjs.org/safe-buffer/-/safe-buffer-5.0.1.tgz",
      "integrity": "sha1-0mPKVGls2KMGtcplUekt5XkY++c="
    },
    "sanitizer": {
      "version": "0.1.3",
      "resolved": "https://registry.npmjs.org/sanitizer/-/sanitizer-0.1.3.tgz",
      "integrity": "sha1-1PCvdHXZp7ryqeWmEXGLqheKOeE="
    },
    "semver": {
      "version": "http://registry.npmjs.org/semver/-/semver-5.3.0.tgz",
      "integrity": "sha1-myzl094C0XxgEq0yaqa00M9U+U8="
    },
    "send": {
      "version": "http://registry.npmjs.org/send/-/send-0.15.3.tgz",
      "integrity": "sha1-UBP5+ZAj31DRvZiSwZ4979HVMwk=",
      "dependencies": {
        "debug": {
          "version": "http://registry.npmjs.org/debug/-/debug-2.6.7.tgz",
          "integrity": "sha1-krrR9tBbu2u6Isyoi80OyJTChh4="
        },
        "depd": {
          "version": "http://registry.npmjs.org/depd/-/depd-1.1.0.tgz",
          "integrity": "sha1-4b2Cxqq2ztlluXuIsX7T5SjKGMM="
        },
        "ee-first": {
          "version": "http://registry.npmjs.org/ee-first/-/ee-first-1.1.1.tgz",
          "integrity": "sha1-WQxhFWsK4vTwJVcyoViyZrxWsh0="
        },
        "ms": {
          "version": "http://registry.npmjs.org/ms/-/ms-2.0.0.tgz",
          "integrity": "sha1-VgiurfwAvmwpAd9fmGF4jeDVl8g="
        },
        "on-finished": {
          "version": "http://registry.npmjs.org/on-finished/-/on-finished-2.3.0.tgz",
          "integrity": "sha1-IPEzZIGwg811M3mSoWlxqi2QaUc="
        }
      }
    },
    "serve-static": {
      "version": "http://registry.npmjs.org/serve-static/-/serve-static-1.12.3.tgz",
      "integrity": "sha1-n0uhni8wMMVH+K+ZEHg47DjVseI="
    },
    "setprototypeof": {
      "version": "http://registry.npmjs.org/setprototypeof/-/setprototypeof-1.0.3.tgz",
      "integrity": "sha1-ZlZ+NwQ+608E2RvWWMDL77VbjgQ="
    },
    "sliced": {
      "version": "http://registry.npmjs.org/sliced/-/sliced-1.0.1.tgz",
      "integrity": "sha1-CzpmK10Ewxd7GSa+qCsD+Dei70E="
    },
    "socket.io": {
      "version": "http://registry.npmjs.org/socket.io/-/socket.io-1.7.4.tgz",
      "integrity": "sha1-L37O3DORvy1cc+KR/iM+bjTU3QA=",
      "dependencies": {
        "debug": {
          "version": "http://registry.npmjs.org/debug/-/debug-2.3.3.tgz",
          "integrity": "sha1-QMRT5n5uE8kB3ewxeviYbNqe/4w="
        },
        "ms": {
          "version": "http://registry.npmjs.org/ms/-/ms-0.7.2.tgz",
          "integrity": "sha1-riXPJRKziFodldfwN4aNhDESR2U="
        }
      }
    },
    "socket.io-adapter": {
      "version": "http://registry.npmjs.org/socket.io-adapter/-/socket.io-adapter-0.5.0.tgz",
      "integrity": "sha1-y21LuL7IHhB4uZZ3+c7QBGBmu4s=",
      "dependencies": {
        "debug": {
          "version": "http://registry.npmjs.org/debug/-/debug-2.3.3.tgz",
          "integrity": "sha1-QMRT5n5uE8kB3ewxeviYbNqe/4w="
        },
        "ms": {
          "version": "http://registry.npmjs.org/ms/-/ms-0.7.2.tgz",
          "integrity": "sha1-riXPJRKziFodldfwN4aNhDESR2U="
        }
      }
    },
    "socket.io-client": {
      "version": "http://registry.npmjs.org/socket.io-client/-/socket.io-client-1.7.4.tgz",
      "integrity": "sha1-7J+CA1btme9tNX8HVtZIcXvdQoE=",
      "dependencies": {
        "component-emitter": {
          "version": "http://registry.npmjs.org/component-emitter/-/component-emitter-1.2.1.tgz",
          "integrity": "sha1-E3kY1teCg/ffemt8WmPhQOaUJeY="
        },
        "debug": {
          "version": "http://registry.npmjs.org/debug/-/debug-2.3.3.tgz",
          "integrity": "sha1-QMRT5n5uE8kB3ewxeviYbNqe/4w="
        },
        "ms": {
          "version": "http://registry.npmjs.org/ms/-/ms-0.7.2.tgz",
          "integrity": "sha1-riXPJRKziFodldfwN4aNhDESR2U="
        }
      }
    },
    "socket.io-parser": {
      "version": "http://registry.npmjs.org/socket.io-parser/-/socket.io-parser-2.3.1.tgz",
      "integrity": "sha1-3VMgJRA85Clpcya+/WQAX8/ltKA=",
      "dependencies": {
        "debug": {
          "version": "http://registry.npmjs.org/debug/-/debug-2.2.0.tgz",
          "integrity": "sha1-+HBX6ZWxofauaklgZkE3vFbwOdo="
        },
        "isarray": {
          "version": "http://registry.npmjs.org/isarray/-/isarray-0.0.1.tgz",
          "integrity": "sha1-ihis/Kmo9Bd+Cav8YDiTmwXR7t8="
        },
        "ms": {
          "version": "http://registry.npmjs.org/ms/-/ms-0.7.1.tgz",
          "integrity": "sha1-nNE8A62/8ltl7/3nzoZO6VIBcJg="
        }
      }
    },
    "source-map": {
      "version": "http://registry.npmjs.org/source-map/-/source-map-0.4.4.tgz",
      "integrity": "sha1-66T12pwNyZneaAMti092FzZSA2s="
    },
    "statuses": {
      "version": "http://registry.npmjs.org/statuses/-/statuses-1.3.1.tgz",
      "integrity": "sha1-+vUbnrdKrvOzrPStX2Gr8ky3uT4="
    },
    "string_decoder": {
      "version": "http://registry.npmjs.org/string_decoder/-/string_decoder-1.0.1.tgz",
      "integrity": "sha1-YuIA8DmVWmgQ2N8KM//A8BNmLZg="
    },
    "strip-ansi": {
      "version": "http://registry.npmjs.org/strip-ansi/-/strip-ansi-3.0.1.tgz",
      "integrity": "sha1-ajhfuIU9lS1f8F0Oiq+UJ43GPc8="
    },
    "supports-color": {
      "version": "http://registry.npmjs.org/supports-color/-/supports-color-2.0.0.tgz",
      "integrity": "sha1-U10EXOa2Nj+kARcIRimZXp3zJMc="
    },
    "to-array": {
      "version": "http://registry.npmjs.org/to-array/-/to-array-0.1.4.tgz",
      "integrity": "sha1-F+bBH3PdTz10zaek/zI46a2b+JA="
    },
    "token-stream": {
      "version": "http://registry.npmjs.org/token-stream/-/token-stream-0.0.1.tgz",
      "integrity": "sha1-zu78cXp2xDFvEm0LnbqlXX598Bo="
    },
    "type-is": {
      "version": "http://registry.npmjs.org/type-is/-/type-is-1.6.15.tgz",
      "integrity": "sha1-yrEPtJCeRByChC6v4a1kbIGARBA="
    },
    "uglify-js": {
      "version": "http://registry.npmjs.org/uglify-js/-/uglify-js-2.8.27.tgz",
      "integrity": "sha1-R3h/kSsPJC5bmENDvo416V9pTJw=",
      "dependencies": {
        "source-map": {
          "version": "http://registry.npmjs.org/source-map/-/source-map-0.5.6.tgz",
          "integrity": "sha1-dc449SvwczxafwwRjYEzSiu19BI="
        }
      }
    },
    "uglify-to-browserify": {
      "version": "http://registry.npmjs.org/uglify-to-browserify/-/uglify-to-browserify-1.0.2.tgz",
      "integrity": "sha1-bgkk1r2mta/jSeOabWMoUKD4grc=",
      "optional": true
    },
    "uid-safe": {
      "version": "http://registry.npmjs.org/uid-safe/-/uid-safe-2.1.4.tgz",
      "integrity": "sha1-Otbzg2jG1MjHXsF2I/t5qh0HHYE="
    },
    "ultron": {
      "version": "http://registry.npmjs.org/ultron/-/ultron-1.0.2.tgz",
      "integrity": "sha1-rOEWq1V80Zc4ak6I9GhTeMiy5Po="
    },
    "unicode": {
      "version": "http://registry.npmjs.org/unicode/-/unicode-9.0.1.tgz",
      "integrity": "sha1-EEcGJyxkZMV0gBvhsIb3JFzyUVg="
    },
    "unpipe": {
      "version": "http://registry.npmjs.org/unpipe/-/unpipe-1.0.0.tgz",
      "integrity": "sha1-sr9O6FFKrmFltIF4KdIbLvSZBOw="
    },
    "util-deprecate": {
      "version": "http://registry.npmjs.org/util-deprecate/-/util-deprecate-1.0.2.tgz",
      "integrity": "sha1-RQ1Nyfpw3nMnYvvS1KKJgUGaDM8="
    },
    "utils-merge": {
      "version": "http://registry.npmjs.org/utils-merge/-/utils-merge-1.0.0.tgz",
      "integrity": "sha1-ApT7kiu5N1FTVBxPcJYjHyh8ivg="
    },
    "vary": {
      "version": "http://registry.npmjs.org/vary/-/vary-1.1.1.tgz",
      "integrity": "sha1-Z1Neu2lMHVIldFeYRmUyP1h+jTc="
    },
    "void-elements": {
      "version": "http://registry.npmjs.org/void-elements/-/void-elements-2.0.1.tgz",
      "integrity": "sha1-wGavtYK7HLQSjWDqkjkulNXp2+w="
    },
    "window-size": {
      "version": "http://registry.npmjs.org/window-size/-/window-size-0.1.0.tgz",
      "integrity": "sha1-VDjNLqk7IC76Ohn+iIeu58lPnJ0="
    },
    "with": {
      "version": "http://registry.npmjs.org/with/-/with-5.1.1.tgz",
      "integrity": "sha1-+k2qktrzLE6pTtRTyB8EaGtXXf4="
    },
    "wordwrap": {
      "version": "http://registry.npmjs.org/wordwrap/-/wordwrap-0.0.2.tgz",
      "integrity": "sha1-t5Zpu0LstAn4PVg8rVLKF+qhZD8="
    },
    "ws": {
      "version": "http://registry.npmjs.org/ws/-/ws-1.1.4.tgz",
      "integrity": "sha1-V/QNA2gy5fUFVmKjl8Tedu1mv2E="
    },
    "wtf-8": {
      "version": "http://registry.npmjs.org/wtf-8/-/wtf-8-1.0.0.tgz",
      "integrity": "sha1-OS2LotDxw00e4tYw8V0O+2jhBIo="
    },
    "xmlhttprequest-ssl": {
      "version": "http://registry.npmjs.org/xmlhttprequest-ssl/-/xmlhttprequest-ssl-1.5.3.tgz",
      "integrity": "sha1-GFqIjATspGw+QHDZn3tJ3jUomS0="
    },
    "yargs": {
      "version": "http://registry.npmjs.org/yargs/-/yargs-3.10.0.tgz",
      "integrity": "sha1-9+572FfdfB0tOMDnTvvWgdFDH9E="
    },
    "yeast": {
      "version": "http://registry.npmjs.org/yeast/-/yeast-0.1.2.tgz",
      "integrity": "sha1-AI4G2AlDIMNy28L47XagymyKxBk="
    }
  }
}
